
Microsoft Visual Studio Solution File, Format Version 12.00
# Visual Studio Version 17
VisualStudioVersion = 17.5.33516.290
MinimumVisualStudioVersion = 10.0.40219.1
Project("{8BC9CEB8-8B4A-11D0-8D11-00A0C91BC942}") = "MPI.GroupsAndTopologies2", "MPI.GroupsAndTopologies2\MPI.GroupsAndTopologies2.vcxproj", "{4C4AE9DA-FD10-49CD-855C-E4F31DDEB0CE}"
EndProject
Project("{8BC9CEB8-8B4A-11D0-8D11-00A0C91BC942}") = "Lab2023", "Lab2023\Lab2023.vcxproj", "{048FA820-46F0-4AD6-84C8-4CEB1481DF47}"
EndProject
Project("{8BC9CEB8-8B4A-11D0-8D11-00A0C91BC942}") = "MPI.DataTypes1", "MPI.DataTypes1\MPI.DataTypes1.vcxproj", "{1D756202-5C3F-4B5E-A18B-F409606E5920}"
EndProject
Project("{8BC9CEB8-8B4A-11D0-8D11-00A0C91BC942}") = "MPI.DataTypes2", "MPI.DataTypes2\MPI.DataTypes2.vcxproj", "{C1089A54-DBDB-4856-A240-E41736898C56}"
EndProject
Project("{8BC9CEB8-8B4A-11D0-8D11-00A0C91BC942}") = "MPI.DataTypes3", "MPI.DataTypes3\MPI.DataTypes3.vcxproj", "{42A35A58-D237-4763-B8F7-EC319F6D16EF}"
EndProject
Project("{8BC9CEB8-8B4A-11D0-8D11-00A0C91BC942}") = "MPI.DataTypes4", "MPI.DataTypes4\MPI.DataTypes4.vcxproj", "{A359D104-CE72-4719-AAB8-7A6FA3FBCC61}"
EndProject
Project("{8BC9CEB8-8B4A-11D0-8D11-00A0C91BC942}") = "MPI.DataTypes5", "MPI.DataTypes5\MPI.DataTypes5.vcxproj", "{972A0138-0E39-40E5-9F2B-2AAAAAE38875}"
EndProject
Project("{8BC9CEB8-8B4A-11D0-8D11-00A0C91BC942}") = "MPI.DataTypes6", "MPI.DataTypes6\MPI.DataTypes6.vcxproj", "{5DC5FBAF-FDFF-4D24-B8C4-4B2D0F912530}"
EndProject
Project("{8BC9CEB8-8B4A-11D0-8D11-00A0C91BC942}") = "MPI.GroupsAndTopologies1", "MPI.GroupsAndTopologies1\MPI.GroupsAndTopologies1.vcxproj", "{5ABFBA2B-6D2B-4A4D-9DCE-8AA72C3EBAE5}"
EndProject
Project("{8BC9CEB8-8B4A-11D0-8D11-00A0C91BC942}") = "MPI.GroupsAndTopologies3", "MPI.GroupsAndTopologies3\MPI.GroupsAndTopologies3.vcxproj", "{9AC9DEC0-D71D-4AF4-B8E2-3AF77475D5A6}"
EndProject
Project("{8BC9CEB8-8B4A-11D0-8D11-00A0C91BC942}") = "MPI.GroupsAndTopologies4", "MPI.GroupsAndTopologies4\MPI.GroupsAndTopologies4.vcxproj", "{EE8AAA19-3533-49C6-803E-31BA71E1C319}"
EndProject
Project("{8BC9CEB8-8B4A-11D0-8D11-00A0C91BC942}") = "MPI.GroupsAndTopologies5", "MPI.GroupsAndTopologies5\MPI.GroupsAndTopologies5.vcxproj", "{2C973A10-58F9-46E1-817A-1B2FD2449012}"
EndProject
Project("{8BC9CEB8-8B4A-11D0-8D11-00A0C91BC942}") = "MPI.GroupsAndTopologies6", "MPI.GroupsAndTopologies6\MPI.GroupsAndTopologies6.vcxproj", "{67B56FA7-249E-47AC-B2BC-4C7540C0F628}"
EndProject
Project("{8BC9CEB8-8B4A-11D0-8D11-00A0C91BC942}") = "Lab2023.MPI.GroupsAndTopologies", "Lab2023.MPI.GroupsAndTopologies\Lab2023.MPI.GroupsAndTopologies.vcxproj", "{D325FDD1-99B5-4FBF-AE6D-02290D26CBF6}"
EndProject
Project("{8BC9CEB8-8B4A-11D0-8D11-00A0C91BC942}") = "MPI.Klk2022", "MPI.Klk2022\MPI.Klk2022.vcxproj", "{01DFEE3D-FFF9-4058-BCD7-EC6CAEAD9855}"
EndProject
Project("{8BC9CEB8-8B4A-11D0-8D11-00A0C91BC942}") = "MPI.Oktobar2.2021", "MPI.Oktobar2.2021\MPI.Oktobar2.2021.vcxproj", "{139AC0BD-CE91-4EA6-A555-C35326BA8EA9}"
EndProject
Project("{8BC9CEB8-8B4A-11D0-8D11-00A0C91BC942}") = "OpenMP.1", "OpenMP.1\OpenMP.1.vcxproj", "{2B524A79-E9B6-4553-A057-4D0FF5BEE319}"
EndProject
Project("{8BC9CEB8-8B4A-11D0-8D11-00A0C91BC942}") = "Lab2023.OpenMP", "Lab2023.OpenMP\Lab2023.OpenMP.vcxproj", "{E420C9D9-5C94-4797-9D0F-C9F49BE1F3EF}"
EndProject
Project("{8BC9CEB8-8B4A-11D0-8D11-00A0C91BC942}") = "MPI.IO.Jun2022", "MPI.IO.Jun2022\MPI.IO.Jun2022.vcxproj", "{5B433736-6E49-45B2-AB3D-285C86EA88E5}"
EndProject
Project("{8BC9CEB8-8B4A-11D0-8D11-00A0C91BC942}") = "OpenMP.Jun2022", "OpenMP.Jun2022\OpenMP.Jun2022.vcxproj", "{E372F40A-1AE7-45E5-A7C8-7BB7CCC8A348}"
EndProject
Project("{8BC9CEB8-8B4A-11D0-8D11-00A0C91BC942}") = "OpenMP.Jun2021", "OpenMP.Jun2021\OpenMP.Jun2021.vcxproj", "{F28391E0-928A-4F42-8AB1-2EEC17CF0296}"
EndProject
Project("{8BC9CEB8-8B4A-11D0-8D11-00A0C91BC942}") = "MPI.IO.Jun2021", "MPI.IO.Jun2021\MPI.IO.Jun2021.vcxproj", "{7715DFC7-9EB3-47DE-88CB-1A93657EE0E1}"
EndProject
Project("{8BC9CEB8-8B4A-11D0-8D11-00A0C91BC942}") = "OpenMP.NoFuckinClueKojiRok", "OpenMP.NoFuckinClueKojiRok\OpenMP.NoFuckinClueKojiRok.vcxproj", "{54B641D9-5CBF-4BBF-A409-7986E4AE5324}"
EndProject
Project("{8BC9CEB8-8B4A-11D0-8D11-00A0C91BC942}") = "MPI.IO.Septembar2021", "MPI.IO.Septembar2021\MPI.IO.Septembar2021.vcxproj", "{665CF48B-45F7-4351-8531-0DFB608EDF25}"
EndProject
Project("{8BC9CEB8-8B4A-11D0-8D11-00A0C91BC942}") = "CUDA.April2023", "CUDA.April2023\CUDA.April2023.vcxproj", "{D70A6FD7-8EB6-41A2-99E8-10F10BF01059}"
EndProject
Project("{8BC9CEB8-8B4A-11D0-8D11-00A0C91BC942}") = "CUDA.Jun2023", "CUDA.Jun2023\CUDA.Jun2023.vcxproj", "{A307E51C-C605-4539-8649-6B85547583FA}"
EndProject
Project("{8BC9CEB8-8B4A-11D0-8D11-00A0C91BC942}") = "MPI.Jun2023", "MPI.Jun2023\MPI.Jun2023.vcxproj", "{55E992B8-68E6-4026-9979-6480F741FB96}"
EndProject
Project("{8BC9CEB8-8B4A-11D0-8D11-00A0C91BC942}") = "OpenMP.Oktobar2022", "OpenMP.Oktobar2022\OpenMP.Oktobar2022.vcxproj", "{506FC6F1-D4A1-4BEC-9811-B618021861AF}"
EndProject
Project("{8BC9CEB8-8B4A-11D0-8D11-00A0C91BC942}") = "OpenMP.Jun2.2022", "OpenMP.Jun2.2022\OpenMP.Jun2.2022.vcxproj", "{621CEF23-EEBE-47F8-B937-2E8696D868EC}"
EndProject
Project("{8BC9CEB8-8B4A-11D0-8D11-00A0C91BC942}") = "CUDA.Jun2.2022", "CUDA.Jun2.2022\CUDA.Jun2.2022.vcxproj", "{B80D5D78-778F-4B3A-9282-ECB2576996B4}"
EndProject
Project("{8BC9CEB8-8B4A-11D0-8D11-00A0C91BC942}") = "MPI.Jun2.2022", "MPI.Jun2.2022\MPI.Jun2.2022.vcxproj", "{8F4AE100-A0F2-480D-8F72-3C840D53F19E}"
EndProject
Project("{8BC9CEB8-8B4A-11D0-8D11-00A0C91BC942}") = "OpenMP.Jun2.2023.Teorija", "OpenMP.Jun2.2023.Teorija\OpenMP.Jun2.2023.Teorija.vcxproj", "{7FBFFC58-AD1E-4857-B57C-E3DF16500AE7}"
EndProject
Global
	GlobalSection(SolutionConfigurationPlatforms) = preSolution
		Debug|x64 = Debug|x64
		Debug|x86 = Debug|x86
		Release|x64 = Release|x64
		Release|x86 = Release|x86
	EndGlobalSection
	GlobalSection(ProjectConfigurationPlatforms) = postSolution
		{4C4AE9DA-FD10-49CD-855C-E4F31DDEB0CE}.Debug|x64.ActiveCfg = Debug|x64
		{4C4AE9DA-FD10-49CD-855C-E4F31DDEB0CE}.Debug|x64.Build.0 = Debug|x64
		{4C4AE9DA-FD10-49CD-855C-E4F31DDEB0CE}.Debug|x86.ActiveCfg = Debug|Win32
		{4C4AE9DA-FD10-49CD-855C-E4F31DDEB0CE}.Debug|x86.Build.0 = Debug|Win32
		{4C4AE9DA-FD10-49CD-855C-E4F31DDEB0CE}.Release|x64.ActiveCfg = Release|x64
		{4C4AE9DA-FD10-49CD-855C-E4F31DDEB0CE}.Release|x64.Build.0 = Release|x64
		{4C4AE9DA-FD10-49CD-855C-E4F31DDEB0CE}.Release|x86.ActiveCfg = Release|Win32
		{4C4AE9DA-FD10-49CD-855C-E4F31DDEB0CE}.Release|x86.Build.0 = Release|Win32
		{048FA820-46F0-4AD6-84C8-4CEB1481DF47}.Debug|x64.ActiveCfg = Debug|x64
		{048FA820-46F0-4AD6-84C8-4CEB1481DF47}.Debug|x64.Build.0 = Debug|x64
		{048FA820-46F0-4AD6-84C8-4CEB1481DF47}.Debug|x86.ActiveCfg = Debug|Win32
		{048FA820-46F0-4AD6-84C8-4CEB1481DF47}.Debug|x86.Build.0 = Debug|Win32
		{048FA820-46F0-4AD6-84C8-4CEB1481DF47}.Release|x64.ActiveCfg = Release|x64
		{048FA820-46F0-4AD6-84C8-4CEB1481DF47}.Release|x64.Build.0 = Release|x64
		{048FA820-46F0-4AD6-84C8-4CEB1481DF47}.Release|x86.ActiveCfg = Release|Win32
		{048FA820-46F0-4AD6-84C8-4CEB1481DF47}.Release|x86.Build.0 = Release|Win32
		{1D756202-5C3F-4B5E-A18B-F409606E5920}.Debug|x64.ActiveCfg = Debug|x64
		{1D756202-5C3F-4B5E-A18B-F409606E5920}.Debug|x64.Build.0 = Debug|x64
		{1D756202-5C3F-4B5E-A18B-F409606E5920}.Debug|x86.ActiveCfg = Debug|Win32
		{1D756202-5C3F-4B5E-A18B-F409606E5920}.Debug|x86.Build.0 = Debug|Win32
		{1D756202-5C3F-4B5E-A18B-F409606E5920}.Release|x64.ActiveCfg = Release|x64
		{1D756202-5C3F-4B5E-A18B-F409606E5920}.Release|x64.Build.0 = Release|x64
		{1D756202-5C3F-4B5E-A18B-F409606E5920}.Release|x86.ActiveCfg = Release|Win32
		{1D756202-5C3F-4B5E-A18B-F409606E5920}.Release|x86.Build.0 = Release|Win32
		{C1089A54-DBDB-4856-A240-E41736898C56}.Debug|x64.ActiveCfg = Debug|x64
		{C1089A54-DBDB-4856-A240-E41736898C56}.Debug|x64.Build.0 = Debug|x64
		{C1089A54-DBDB-4856-A240-E41736898C56}.Debug|x86.ActiveCfg = Debug|Win32
		{C1089A54-DBDB-4856-A240-E41736898C56}.Debug|x86.Build.0 = Debug|Win32
		{C1089A54-DBDB-4856-A240-E41736898C56}.Release|x64.ActiveCfg = Release|x64
		{C1089A54-DBDB-4856-A240-E41736898C56}.Release|x64.Build.0 = Release|x64
		{C1089A54-DBDB-4856-A240-E41736898C56}.Release|x86.ActiveCfg = Release|Win32
		{C1089A54-DBDB-4856-A240-E41736898C56}.Release|x86.Build.0 = Release|Win32
		{42A35A58-D237-4763-B8F7-EC319F6D16EF}.Debug|x64.ActiveCfg = Debug|x64
		{42A35A58-D237-4763-B8F7-EC319F6D16EF}.Debug|x64.Build.0 = Debug|x64
		{42A35A58-D237-4763-B8F7-EC319F6D16EF}.Debug|x86.ActiveCfg = Debug|Win32
		{42A35A58-D237-4763-B8F7-EC319F6D16EF}.Debug|x86.Build.0 = Debug|Win32
		{42A35A58-D237-4763-B8F7-EC319F6D16EF}.Release|x64.ActiveCfg = Release|x64
		{42A35A58-D237-4763-B8F7-EC319F6D16EF}.Release|x64.Build.0 = Release|x64
		{42A35A58-D237-4763-B8F7-EC319F6D16EF}.Release|x86.ActiveCfg = Release|Win32
		{42A35A58-D237-4763-B8F7-EC319F6D16EF}.Release|x86.Build.0 = Release|Win32
		{A359D104-CE72-4719-AAB8-7A6FA3FBCC61}.Debug|x64.ActiveCfg = Debug|x64
		{A359D104-CE72-4719-AAB8-7A6FA3FBCC61}.Debug|x64.Build.0 = Debug|x64
		{A359D104-CE72-4719-AAB8-7A6FA3FBCC61}.Debug|x86.ActiveCfg = Debug|Win32
		{A359D104-CE72-4719-AAB8-7A6FA3FBCC61}.Debug|x86.Build.0 = Debug|Win32
		{A359D104-CE72-4719-AAB8-7A6FA3FBCC61}.Release|x64.ActiveCfg = Release|x64
		{A359D104-CE72-4719-AAB8-7A6FA3FBCC61}.Release|x64.Build.0 = Release|x64
		{A359D104-CE72-4719-AAB8-7A6FA3FBCC61}.Release|x86.ActiveCfg = Release|Win32
		{A359D104-CE72-4719-AAB8-7A6FA3FBCC61}.Release|x86.Build.0 = Release|Win32
		{972A0138-0E39-40E5-9F2B-2AAAAAE38875}.Debug|x64.ActiveCfg = Debug|x64
		{972A0138-0E39-40E5-9F2B-2AAAAAE38875}.Debug|x64.Build.0 = Debug|x64
		{972A0138-0E39-40E5-9F2B-2AAAAAE38875}.Debug|x86.ActiveCfg = Debug|Win32
		{972A0138-0E39-40E5-9F2B-2AAAAAE38875}.Debug|x86.Build.0 = Debug|Win32
		{972A0138-0E39-40E5-9F2B-2AAAAAE38875}.Release|x64.ActiveCfg = Release|x64
		{972A0138-0E39-40E5-9F2B-2AAAAAE38875}.Release|x64.Build.0 = Release|x64
		{972A0138-0E39-40E5-9F2B-2AAAAAE38875}.Release|x86.ActiveCfg = Release|Win32
		{972A0138-0E39-40E5-9F2B-2AAAAAE38875}.Release|x86.Build.0 = Release|Win32
		{5DC5FBAF-FDFF-4D24-B8C4-4B2D0F912530}.Debug|x64.ActiveCfg = Debug|x64
		{5DC5FBAF-FDFF-4D24-B8C4-4B2D0F912530}.Debug|x64.Build.0 = Debug|x64
		{5DC5FBAF-FDFF-4D24-B8C4-4B2D0F912530}.Debug|x86.ActiveCfg = Debug|Win32
		{5DC5FBAF-FDFF-4D24-B8C4-4B2D0F912530}.Debug|x86.Build.0 = Debug|Win32
		{5DC5FBAF-FDFF-4D24-B8C4-4B2D0F912530}.Release|x64.ActiveCfg = Release|x64
		{5DC5FBAF-FDFF-4D24-B8C4-4B2D0F912530}.Release|x64.Build.0 = Release|x64
		{5DC5FBAF-FDFF-4D24-B8C4-4B2D0F912530}.Release|x86.ActiveCfg = Release|Win32
		{5DC5FBAF-FDFF-4D24-B8C4-4B2D0F912530}.Release|x86.Build.0 = Release|Win32
		{5ABFBA2B-6D2B-4A4D-9DCE-8AA72C3EBAE5}.Debug|x64.ActiveCfg = Debug|x64
		{5ABFBA2B-6D2B-4A4D-9DCE-8AA72C3EBAE5}.Debug|x64.Build.0 = Debug|x64
		{5ABFBA2B-6D2B-4A4D-9DCE-8AA72C3EBAE5}.Debug|x86.ActiveCfg = Debug|Win32
		{5ABFBA2B-6D2B-4A4D-9DCE-8AA72C3EBAE5}.Debug|x86.Build.0 = Debug|Win32
		{5ABFBA2B-6D2B-4A4D-9DCE-8AA72C3EBAE5}.Release|x64.ActiveCfg = Release|x64
		{5ABFBA2B-6D2B-4A4D-9DCE-8AA72C3EBAE5}.Release|x64.Build.0 = Release|x64
		{5ABFBA2B-6D2B-4A4D-9DCE-8AA72C3EBAE5}.Release|x86.ActiveCfg = Release|Win32
		{5ABFBA2B-6D2B-4A4D-9DCE-8AA72C3EBAE5}.Release|x86.Build.0 = Release|Win32
		{9AC9DEC0-D71D-4AF4-B8E2-3AF77475D5A6}.Debug|x64.ActiveCfg = Debug|x64
		{9AC9DEC0-D71D-4AF4-B8E2-3AF77475D5A6}.Debug|x64.Build.0 = Debug|x64
		{9AC9DEC0-D71D-4AF4-B8E2-3AF77475D5A6}.Debug|x86.ActiveCfg = Debug|Win32
		{9AC9DEC0-D71D-4AF4-B8E2-3AF77475D5A6}.Debug|x86.Build.0 = Debug|Win32
		{9AC9DEC0-D71D-4AF4-B8E2-3AF77475D5A6}.Release|x64.ActiveCfg = Release|x64
		{9AC9DEC0-D71D-4AF4-B8E2-3AF77475D5A6}.Release|x64.Build.0 = Release|x64
		{9AC9DEC0-D71D-4AF4-B8E2-3AF77475D5A6}.Release|x86.ActiveCfg = Release|Win32
		{9AC9DEC0-D71D-4AF4-B8E2-3AF77475D5A6}.Release|x86.Build.0 = Release|Win32
		{EE8AAA19-3533-49C6-803E-31BA71E1C319}.Debug|x64.ActiveCfg = Debug|x64
		{EE8AAA19-3533-49C6-803E-31BA71E1C319}.Debug|x64.Build.0 = Debug|x64
		{EE8AAA19-3533-49C6-803E-31BA71E1C319}.Debug|x86.ActiveCfg = Debug|Win32
		{EE8AAA19-3533-49C6-803E-31BA71E1C319}.Debug|x86.Build.0 = Debug|Win32
		{EE8AAA19-3533-49C6-803E-31BA71E1C319}.Release|x64.ActiveCfg = Release|x64
		{EE8AAA19-3533-49C6-803E-31BA71E1C319}.Release|x64.Build.0 = Release|x64
		{EE8AAA19-3533-49C6-803E-31BA71E1C319}.Release|x86.ActiveCfg = Release|Win32
		{EE8AAA19-3533-49C6-803E-31BA71E1C319}.Release|x86.Build.0 = Release|Win32
		{2C973A10-58F9-46E1-817A-1B2FD2449012}.Debug|x64.ActiveCfg = Debug|x64
		{2C973A10-58F9-46E1-817A-1B2FD2449012}.Debug|x64.Build.0 = Debug|x64
		{2C973A10-58F9-46E1-817A-1B2FD2449012}.Debug|x86.ActiveCfg = Debug|Win32
		{2C973A10-58F9-46E1-817A-1B2FD2449012}.Debug|x86.Build.0 = Debug|Win32
		{2C973A10-58F9-46E1-817A-1B2FD2449012}.Release|x64.ActiveCfg = Release|x64
		{2C973A10-58F9-46E1-817A-1B2FD2449012}.Release|x64.Build.0 = Release|x64
		{2C973A10-58F9-46E1-817A-1B2FD2449012}.Release|x86.ActiveCfg = Release|Win32
		{2C973A10-58F9-46E1-817A-1B2FD2449012}.Release|x86.Build.0 = Release|Win32
		{67B56FA7-249E-47AC-B2BC-4C7540C0F628}.Debug|x64.ActiveCfg = Debug|x64
		{67B56FA7-249E-47AC-B2BC-4C7540C0F628}.Debug|x64.Build.0 = Debug|x64
		{67B56FA7-249E-47AC-B2BC-4C7540C0F628}.Debug|x86.ActiveCfg = Debug|Win32
		{67B56FA7-249E-47AC-B2BC-4C7540C0F628}.Debug|x86.Build.0 = Debug|Win32
		{67B56FA7-249E-47AC-B2BC-4C7540C0F628}.Release|x64.ActiveCfg = Release|x64
		{67B56FA7-249E-47AC-B2BC-4C7540C0F628}.Release|x64.Build.0 = Release|x64
		{67B56FA7-249E-47AC-B2BC-4C7540C0F628}.Release|x86.ActiveCfg = Release|Win32
		{67B56FA7-249E-47AC-B2BC-4C7540C0F628}.Release|x86.Build.0 = Release|Win32
		{D325FDD1-99B5-4FBF-AE6D-02290D26CBF6}.Debug|x64.ActiveCfg = Debug|x64
		{D325FDD1-99B5-4FBF-AE6D-02290D26CBF6}.Debug|x64.Build.0 = Debug|x64
		{D325FDD1-99B5-4FBF-AE6D-02290D26CBF6}.Debug|x86.ActiveCfg = Debug|Win32
		{D325FDD1-99B5-4FBF-AE6D-02290D26CBF6}.Debug|x86.Build.0 = Debug|Win32
		{D325FDD1-99B5-4FBF-AE6D-02290D26CBF6}.Release|x64.ActiveCfg = Release|x64
		{D325FDD1-99B5-4FBF-AE6D-02290D26CBF6}.Release|x64.Build.0 = Release|x64
		{D325FDD1-99B5-4FBF-AE6D-02290D26CBF6}.Release|x86.ActiveCfg = Release|Win32
		{D325FDD1-99B5-4FBF-AE6D-02290D26CBF6}.Release|x86.Build.0 = Release|Win32
		{01DFEE3D-FFF9-4058-BCD7-EC6CAEAD9855}.Debug|x64.ActiveCfg = Debug|x64
		{01DFEE3D-FFF9-4058-BCD7-EC6CAEAD9855}.Debug|x64.Build.0 = Debug|x64
		{01DFEE3D-FFF9-4058-BCD7-EC6CAEAD9855}.Debug|x86.ActiveCfg = Debug|Win32
		{01DFEE3D-FFF9-4058-BCD7-EC6CAEAD9855}.Debug|x86.Build.0 = Debug|Win32
		{01DFEE3D-FFF9-4058-BCD7-EC6CAEAD9855}.Release|x64.ActiveCfg = Release|x64
		{01DFEE3D-FFF9-4058-BCD7-EC6CAEAD9855}.Release|x64.Build.0 = Release|x64
		{01DFEE3D-FFF9-4058-BCD7-EC6CAEAD9855}.Release|x86.ActiveCfg = Release|Win32
		{01DFEE3D-FFF9-4058-BCD7-EC6CAEAD9855}.Release|x86.Build.0 = Release|Win32
		{139AC0BD-CE91-4EA6-A555-C35326BA8EA9}.Debug|x64.ActiveCfg = Debug|x64
		{139AC0BD-CE91-4EA6-A555-C35326BA8EA9}.Debug|x64.Build.0 = Debug|x64
		{139AC0BD-CE91-4EA6-A555-C35326BA8EA9}.Debug|x86.ActiveCfg = Debug|Win32
		{139AC0BD-CE91-4EA6-A555-C35326BA8EA9}.Debug|x86.Build.0 = Debug|Win32
		{139AC0BD-CE91-4EA6-A555-C35326BA8EA9}.Release|x64.ActiveCfg = Release|x64
		{139AC0BD-CE91-4EA6-A555-C35326BA8EA9}.Release|x64.Build.0 = Release|x64
		{139AC0BD-CE91-4EA6-A555-C35326BA8EA9}.Release|x86.ActiveCfg = Release|Win32
		{139AC0BD-CE91-4EA6-A555-C35326BA8EA9}.Release|x86.Build.0 = Release|Win32
		{2B524A79-E9B6-4553-A057-4D0FF5BEE319}.Debug|x64.ActiveCfg = Debug|x64
		{2B524A79-E9B6-4553-A057-4D0FF5BEE319}.Debug|x64.Build.0 = Debug|x64
		{2B524A79-E9B6-4553-A057-4D0FF5BEE319}.Debug|x86.ActiveCfg = Debug|Win32
		{2B524A79-E9B6-4553-A057-4D0FF5BEE319}.Debug|x86.Build.0 = Debug|Win32
		{2B524A79-E9B6-4553-A057-4D0FF5BEE319}.Release|x64.ActiveCfg = Release|x64
		{2B524A79-E9B6-4553-A057-4D0FF5BEE319}.Release|x64.Build.0 = Release|x64
		{2B524A79-E9B6-4553-A057-4D0FF5BEE319}.Release|x86.ActiveCfg = Release|Win32
		{2B524A79-E9B6-4553-A057-4D0FF5BEE319}.Release|x86.Build.0 = Release|Win32
		{E420C9D9-5C94-4797-9D0F-C9F49BE1F3EF}.Debug|x64.ActiveCfg = Debug|x64
		{E420C9D9-5C94-4797-9D0F-C9F49BE1F3EF}.Debug|x64.Build.0 = Debug|x64
		{E420C9D9-5C94-4797-9D0F-C9F49BE1F3EF}.Debug|x86.ActiveCfg = Debug|Win32
		{E420C9D9-5C94-4797-9D0F-C9F49BE1F3EF}.Debug|x86.Build.0 = Debug|Win32
		{E420C9D9-5C94-4797-9D0F-C9F49BE1F3EF}.Release|x64.ActiveCfg = Release|x64
		{E420C9D9-5C94-4797-9D0F-C9F49BE1F3EF}.Release|x64.Build.0 = Release|x64
		{E420C9D9-5C94-4797-9D0F-C9F49BE1F3EF}.Release|x86.ActiveCfg = Release|Win32
		{E420C9D9-5C94-4797-9D0F-C9F49BE1F3EF}.Release|x86.Build.0 = Release|Win32
		{5B433736-6E49-45B2-AB3D-285C86EA88E5}.Debug|x64.ActiveCfg = Debug|x64
		{5B433736-6E49-45B2-AB3D-285C86EA88E5}.Debug|x64.Build.0 = Debug|x64
		{5B433736-6E49-45B2-AB3D-285C86EA88E5}.Debug|x86.ActiveCfg = Debug|Win32
		{5B433736-6E49-45B2-AB3D-285C86EA88E5}.Debug|x86.Build.0 = Debug|Win32
		{5B433736-6E49-45B2-AB3D-285C86EA88E5}.Release|x64.ActiveCfg = Release|x64
		{5B433736-6E49-45B2-AB3D-285C86EA88E5}.Release|x64.Build.0 = Release|x64
		{5B433736-6E49-45B2-AB3D-285C86EA88E5}.Release|x86.ActiveCfg = Release|Win32
		{5B433736-6E49-45B2-AB3D-285C86EA88E5}.Release|x86.Build.0 = Release|Win32
		{E372F40A-1AE7-45E5-A7C8-7BB7CCC8A348}.Debug|x64.ActiveCfg = Debug|x64
		{E372F40A-1AE7-45E5-A7C8-7BB7CCC8A348}.Debug|x64.Build.0 = Debug|x64
		{E372F40A-1AE7-45E5-A7C8-7BB7CCC8A348}.Debug|x86.ActiveCfg = Debug|Win32
		{E372F40A-1AE7-45E5-A7C8-7BB7CCC8A348}.Debug|x86.Build.0 = Debug|Win32
		{E372F40A-1AE7-45E5-A7C8-7BB7CCC8A348}.Release|x64.ActiveCfg = Release|x64
		{E372F40A-1AE7-45E5-A7C8-7BB7CCC8A348}.Release|x64.Build.0 = Release|x64
		{E372F40A-1AE7-45E5-A7C8-7BB7CCC8A348}.Release|x86.ActiveCfg = Release|Win32
		{E372F40A-1AE7-45E5-A7C8-7BB7CCC8A348}.Release|x86.Build.0 = Release|Win32
		{F28391E0-928A-4F42-8AB1-2EEC17CF0296}.Debug|x64.ActiveCfg = Debug|x64
		{F28391E0-928A-4F42-8AB1-2EEC17CF0296}.Debug|x64.Build.0 = Debug|x64
		{F28391E0-928A-4F42-8AB1-2EEC17CF0296}.Debug|x86.ActiveCfg = Debug|Win32
		{F28391E0-928A-4F42-8AB1-2EEC17CF0296}.Debug|x86.Build.0 = Debug|Win32
		{F28391E0-928A-4F42-8AB1-2EEC17CF0296}.Release|x64.ActiveCfg = Release|x64
		{F28391E0-928A-4F42-8AB1-2EEC17CF0296}.Release|x64.Build.0 = Release|x64
		{F28391E0-928A-4F42-8AB1-2EEC17CF0296}.Release|x86.ActiveCfg = Release|Win32
		{F28391E0-928A-4F42-8AB1-2EEC17CF0296}.Release|x86.Build.0 = Release|Win32
		{7715DFC7-9EB3-47DE-88CB-1A93657EE0E1}.Debug|x64.ActiveCfg = Debug|x64
		{7715DFC7-9EB3-47DE-88CB-1A93657EE0E1}.Debug|x64.Build.0 = Debug|x64
		{7715DFC7-9EB3-47DE-88CB-1A93657EE0E1}.Debug|x86.ActiveCfg = Debug|Win32
		{7715DFC7-9EB3-47DE-88CB-1A93657EE0E1}.Debug|x86.Build.0 = Debug|Win32
		{7715DFC7-9EB3-47DE-88CB-1A93657EE0E1}.Release|x64.ActiveCfg = Release|x64
		{7715DFC7-9EB3-47DE-88CB-1A93657EE0E1}.Release|x64.Build.0 = Release|x64
		{7715DFC7-9EB3-47DE-88CB-1A93657EE0E1}.Release|x86.ActiveCfg = Release|Win32
		{7715DFC7-9EB3-47DE-88CB-1A93657EE0E1}.Release|x86.Build.0 = Release|Win32
		{54B641D9-5CBF-4BBF-A409-7986E4AE5324}.Debug|x64.ActiveCfg = Debug|x64
		{54B641D9-5CBF-4BBF-A409-7986E4AE5324}.Debug|x64.Build.0 = Debug|x64
		{54B641D9-5CBF-4BBF-A409-7986E4AE5324}.Debug|x86.ActiveCfg = Debug|Win32
		{54B641D9-5CBF-4BBF-A409-7986E4AE5324}.Debug|x86.Build.0 = Debug|Win32
		{54B641D9-5CBF-4BBF-A409-7986E4AE5324}.Release|x64.ActiveCfg = Release|x64
		{54B641D9-5CBF-4BBF-A409-7986E4AE5324}.Release|x64.Build.0 = Release|x64
		{54B641D9-5CBF-4BBF-A409-7986E4AE5324}.Release|x86.ActiveCfg = Release|Win32
		{54B641D9-5CBF-4BBF-A409-7986E4AE5324}.Release|x86.Build.0 = Release|Win32
		{665CF48B-45F7-4351-8531-0DFB608EDF25}.Debug|x64.ActiveCfg = Debug|x64
		{665CF48B-45F7-4351-8531-0DFB608EDF25}.Debug|x64.Build.0 = Debug|x64
		{665CF48B-45F7-4351-8531-0DFB608EDF25}.Debug|x86.ActiveCfg = Debug|Win32
		{665CF48B-45F7-4351-8531-0DFB608EDF25}.Debug|x86.Build.0 = Debug|Win32
		{665CF48B-45F7-4351-8531-0DFB608EDF25}.Release|x64.ActiveCfg = Release|x64
		{665CF48B-45F7-4351-8531-0DFB608EDF25}.Release|x64.Build.0 = Release|x64
		{665CF48B-45F7-4351-8531-0DFB608EDF25}.Release|x86.ActiveCfg = Release|Win32
		{665CF48B-45F7-4351-8531-0DFB608EDF25}.Release|x86.Build.0 = Release|Win32
		{D70A6FD7-8EB6-41A2-99E8-10F10BF01059}.Debug|x64.ActiveCfg = Debug|x64
		{D70A6FD7-8EB6-41A2-99E8-10F10BF01059}.Debug|x64.Build.0 = Debug|x64
		{D70A6FD7-8EB6-41A2-99E8-10F10BF01059}.Debug|x86.ActiveCfg = Debug|x64
		{D70A6FD7-8EB6-41A2-99E8-10F10BF01059}.Debug|x86.Build.0 = Debug|x64
		{D70A6FD7-8EB6-41A2-99E8-10F10BF01059}.Release|x64.ActiveCfg = Release|x64
		{D70A6FD7-8EB6-41A2-99E8-10F10BF01059}.Release|x64.Build.0 = Release|x64
		{D70A6FD7-8EB6-41A2-99E8-10F10BF01059}.Release|x86.ActiveCfg = Release|x64
		{D70A6FD7-8EB6-41A2-99E8-10F10BF01059}.Release|x86.Build.0 = Release|x64
		{A307E51C-C605-4539-8649-6B85547583FA}.Debug|x64.ActiveCfg = Debug|x64
		{A307E51C-C605-4539-8649-6B85547583FA}.Debug|x64.Build.0 = Debug|x64
		{A307E51C-C605-4539-8649-6B85547583FA}.Debug|x86.ActiveCfg = Debug|x64
		{A307E51C-C605-4539-8649-6B85547583FA}.Debug|x86.Build.0 = Debug|x64
		{A307E51C-C605-4539-8649-6B85547583FA}.Release|x64.ActiveCfg = Release|x64
		{A307E51C-C605-4539-8649-6B85547583FA}.Release|x64.Build.0 = Release|x64
		{A307E51C-C605-4539-8649-6B85547583FA}.Release|x86.ActiveCfg = Release|x64
		{A307E51C-C605-4539-8649-6B85547583FA}.Release|x86.Build.0 = Release|x64
		{55E992B8-68E6-4026-9979-6480F741FB96}.Debug|x64.ActiveCfg = Debug|x64
		{55E992B8-68E6-4026-9979-6480F741FB96}.Debug|x64.Build.0 = Debug|x64
		{55E992B8-68E6-4026-9979-6480F741FB96}.Debug|x86.ActiveCfg = Debug|Win32
		{55E992B8-68E6-4026-9979-6480F741FB96}.Debug|x86.Build.0 = Debug|Win32
		{55E992B8-68E6-4026-9979-6480F741FB96}.Release|x64.ActiveCfg = Release|x64
		{55E992B8-68E6-4026-9979-6480F741FB96}.Release|x64.Build.0 = Release|x64
		{55E992B8-68E6-4026-9979-6480F741FB96}.Release|x86.ActiveCfg = Release|Win32
		{55E992B8-68E6-4026-9979-6480F741FB96}.Release|x86.Build.0 = Release|Win32
		{506FC6F1-D4A1-4BEC-9811-B618021861AF}.Debug|x64.ActiveCfg = Debug|x64
		{506FC6F1-D4A1-4BEC-9811-B618021861AF}.Debug|x64.Build.0 = Debug|x64
		{506FC6F1-D4A1-4BEC-9811-B618021861AF}.Debug|x86.ActiveCfg = Debug|Win32
		{506FC6F1-D4A1-4BEC-9811-B618021861AF}.Debug|x86.Build.0 = Debug|Win32
		{506FC6F1-D4A1-4BEC-9811-B618021861AF}.Release|x64.ActiveCfg = Release|x64
		{506FC6F1-D4A1-4BEC-9811-B618021861AF}.Release|x64.Build.0 = Release|x64
		{506FC6F1-D4A1-4BEC-9811-B618021861AF}.Release|x86.ActiveCfg = Release|Win32
		{506FC6F1-D4A1-4BEC-9811-B618021861AF}.Release|x86.Build.0 = Release|Win32
		{621CEF23-EEBE-47F8-B937-2E8696D868EC}.Debug|x64.ActiveCfg = Debug|x64
		{621CEF23-EEBE-47F8-B937-2E8696D868EC}.Debug|x64.Build.0 = Debug|x64
		{621CEF23-EEBE-47F8-B937-2E8696D868EC}.Debug|x86.ActiveCfg = Debug|Win32
		{621CEF23-EEBE-47F8-B937-2E8696D868EC}.Debug|x86.Build.0 = Debug|Win32
		{621CEF23-EEBE-47F8-B937-2E8696D868EC}.Release|x64.ActiveCfg = Release|x64
		{621CEF23-EEBE-47F8-B937-2E8696D868EC}.Release|x64.Build.0 = Release|x64
		{621CEF23-EEBE-47F8-B937-2E8696D868EC}.Release|x86.ActiveCfg = Release|Win32
		{621CEF23-EEBE-47F8-B937-2E8696D868EC}.Release|x86.Build.0 = Release|Win32
		{B80D5D78-778F-4B3A-9282-ECB2576996B4}.Debug|x64.ActiveCfg = Debug|x64
		{B80D5D78-778F-4B3A-9282-ECB2576996B4}.Debug|x64.Build.0 = Debug|x64
		{B80D5D78-778F-4B3A-9282-ECB2576996B4}.Debug|x86.ActiveCfg = Debug|x64
		{B80D5D78-778F-4B3A-9282-ECB2576996B4}.Debug|x86.Build.0 = Debug|x64
		{B80D5D78-778F-4B3A-9282-ECB2576996B4}.Release|x64.ActiveCfg = Release|x64
		{B80D5D78-778F-4B3A-9282-ECB2576996B4}.Release|x64.Build.0 = Release|x64
		{B80D5D78-778F-4B3A-9282-ECB2576996B4}.Release|x86.ActiveCfg = Release|x64
		{B80D5D78-778F-4B3A-9282-ECB2576996B4}.Release|x86.Build.0 = Release|x64
		{8F4AE100-A0F2-480D-8F72-3C840D53F19E}.Debug|x64.ActiveCfg = Debug|x64
		{8F4AE100-A0F2-480D-8F72-3C840D53F19E}.Debug|x64.Build.0 = Debug|x64
		{8F4AE100-A0F2-480D-8F72-3C840D53F19E}.Debug|x86.ActiveCfg = Debug|Win32
		{8F4AE100-A0F2-480D-8F72-3C840D53F19E}.Debug|x86.Build.0 = Debug|Win32
		{8F4AE100-A0F2-480D-8F72-3C840D53F19E}.Release|x64.ActiveCfg = Release|x64
		{8F4AE100-A0F2-480D-8F72-3C840D53F19E}.Release|x64.Build.0 = Release|x64
		{8F4AE100-A0F2-480D-8F72-3C840D53F19E}.Release|x86.ActiveCfg = Release|Win32
		{8F4AE100-A0F2-480D-8F72-3C840D53F19E}.Release|x86.Build.0 = Release|Win32
		{7FBFFC58-AD1E-4857-B57C-E3DF16500AE7}.Debug|x64.ActiveCfg = Debug|x64
		{7FBFFC58-AD1E-4857-B57C-E3DF16500AE7}.Debug|x64.Build.0 = Debug|x64
		{7FBFFC58-AD1E-4857-B57C-E3DF16500AE7}.Debug|x86.ActiveCfg = Debug|Win32
		{7FBFFC58-AD1E-4857-B57C-E3DF16500AE7}.Debug|x86.Build.0 = Debug|Win32
		{7FBFFC58-AD1E-4857-B57C-E3DF16500AE7}.Release|x64.ActiveCfg = Release|x64
		{7FBFFC58-AD1E-4857-B57C-E3DF16500AE7}.Release|x64.Build.0 = Release|x64
		{7FBFFC58-AD1E-4857-B57C-E3DF16500AE7}.Release|x86.ActiveCfg = Release|Win32
		{7FBFFC58-AD1E-4857-B57C-E3DF16500AE7}.Release|x86.Build.0 = Release|Win32
	EndGlobalSection
	GlobalSection(SolutionProperties) = preSolution
		HideSolutionNode = FALSE
	EndGlobalSection
	GlobalSection(ExtensibilityGlobals) = postSolution
		SolutionGuid = {57F259D5-17DE-4870-8771-E9F3CD8E05B8}
	EndGlobalSection
EndGlobal
